
Microsoft Visual Studio Solution File, Format Version 12.00
# Visual Studio Version 16
VisualStudioVersion = 16.0.31613.86
MinimumVisualStudioVersion = 10.0.40219.1
Project("{FAE04EC0-301F-11D3-BF4B-00C04F79EFBC}") = "Datos", "Datos\Datos.csproj", "{5F09CFE8-8D64-4D73-8B9D-029FDAD9AFA7}"
EndProject
Project("{FAE04EC0-301F-11D3-BF4B-00C04F79EFBC}") = "Negocio", "Negocio\Negocio.csproj", "{7A49FF08-5E1D-4BA0-838E-C13AF1D75485}"
EndProject
Project("{FAE04EC0-301F-11D3-BF4B-00C04F79EFBC}") = "Presentacion", "Presentacion\Presentacion.csproj", "{1D2A4AF0-D1E3-4C0F-A1C5-1F66BD622992}"
EndProject
Project("{FAE04EC0-301F-11D3-BF4B-00C04F79EFBC}") = "PresentacionWeb", "PresentacionWeb\PresentacionWeb.csproj", "{D9B8E596-B36C-4149-953C-A5854C511303}"
EndProject
Global
	GlobalSection(SolutionConfigurationPlatforms) = preSolution
		Debug|Any CPU = Debug|Any CPU
		Release|Any CPU = Release|Any CPU
	EndGlobalSection
	GlobalSection(ProjectConfigurationPlatforms) = postSolution
		{5F09CFE8-8D64-4D73-8B9D-029FDAD9AFA7}.Debug|Any CPU.ActiveCfg = Debug|Any CPU
		{5F09CFE8-8D64-4D73-8B9D-029FDAD9AFA7}.Debug|Any CPU.Build.0 = Debug|Any CPU
		{5F09CFE8-8D64-4D73-8B9D-029FDAD9AFA7}.Release|Any CPU.ActiveCfg = Release|Any CPU
		{5F09CFE8-8D64-4D73-8B9D-029FDAD9AFA7}.Release|Any CPU.Build.0 = Release|Any CPU
		{7A49FF08-5E1D-4BA0-838E-C13AF1D75485}.Debug|Any CPU.ActiveCfg = Debug|Any CPU
		{7A49FF08-5E1D-4BA0-838E-C13AF1D75485}.Debug|Any CPU.Build.0 = Debug|Any CPU
		{7A49FF08-5E1D-4BA0-838E-C13AF1D75485}.Release|Any CPU.ActiveCfg = Release|Any CPU
		{7A49FF08-5E1D-4BA0-838E-C13AF1D75485}.Release|Any CPU.Build.0 = Release|Any CPU
		{1D2A4AF0-D1E3-4C0F-A1C5-1F66BD622992}.Debug|Any CPU.ActiveCfg = Debug|Any CPU
		{1D2A4AF0-D1E3-4C0F-A1C5-1F66BD622992}.Debug|Any CPU.Build.0 = Debug|Any CPU
		{1D2A4AF0-D1E3-4C0F-A1C5-1F66BD622992}.Release|Any CPU.ActiveCfg = Release|Any CPU
		{1D2A4AF0-D1E3-4C0F-A1C5-1F66BD622992}.Release|Any CPU.Build.0 = Release|Any CPU
		{D9B8E596-B36C-4149-953C-A5854C511303}.Debug|Any CPU.ActiveCfg = Debug|Any CPU
		{D9B8E596-B36C-4149-953C-A5854C511303}.Debug|Any CPU.Build.0 = Debug|Any CPU
		{D9B8E596-B36C-4149-953C-A5854C511303}.Release|Any CPU.ActiveCfg = Release|Any CPU
		{D9B8E596-B36C-4149-953C-A5854C511303}.Release|Any CPU.Build.0 = Release|Any CPU
	EndGlobalSection
	GlobalSection(SolutionProperties) = preSolution
		HideSolutionNode = FALSE
	EndGlobalSection
	GlobalSection(ExtensibilityGlobals) = postSolution
		SolutionGuid = {CAFE7670-33AF-4CE6-B5C7-6CFCC3879078}
	EndGlobalSection
EndGlobal
