
Microsoft Visual Studio Solution File, Format Version 12.00
# Visual Studio Version 16
VisualStudioVersion = 16.0.31729.503
MinimumVisualStudioVersion = 10.0.40219.1
Project("{FAE04EC0-301F-11D3-BF4B-00C04F79EFBC}") = "Lab14", "Lab14.csproj", "{DA8CE13C-E712-40A1-8C13-370E9DF5A566}"
EndProject
Global
	GlobalSection(SolutionConfigurationPlatforms) = preSolution
		Debug|Any CPU = Debug|Any CPU
		Release|Any CPU = Release|Any CPU
	EndGlobalSection
	GlobalSection(ProjectConfigurationPlatforms) = postSolution
		{DA8CE13C-E712-40A1-8C13-370E9DF5A566}.Debug|Any CPU.ActiveCfg = Debug|Any CPU
		{DA8CE13C-E712-40A1-8C13-370E9DF5A566}.Debug|Any CPU.Build.0 = Debug|Any CPU
		{DA8CE13C-E712-40A1-8C13-370E9DF5A566}.Release|Any CPU.ActiveCfg = Release|Any CPU
		{DA8CE13C-E712-40A1-8C13-370E9DF5A566}.Release|Any CPU.Build.0 = Release|Any CPU
	EndGlobalSection
	GlobalSection(SolutionProperties) = preSolution
		HideSolutionNode = FALSE
	EndGlobalSection
	GlobalSection(ExtensibilityGlobals) = postSolution
		SolutionGuid = {E6ACE18F-313E-4B18-9723-0844335AE170}
	EndGlobalSection
EndGlobal
