
Microsoft Visual Studio Solution File, Format Version 12.00
# Visual Studio Version 16
VisualStudioVersion = 16.0.31613.86
MinimumVisualStudioVersion = 10.0.40219.1
Project("{FAE04EC0-301F-11D3-BF4B-00C04F79EFBC}") = "Lab09", "Lab09.csproj", "{ABD52D17-F1E8-4D12-8421-09F05EF08D51}"
EndProject
Global
	GlobalSection(SolutionConfigurationPlatforms) = preSolution
		Debug|Any CPU = Debug|Any CPU
		Release|Any CPU = Release|Any CPU
	EndGlobalSection
	GlobalSection(ProjectConfigurationPlatforms) = postSolution
		{ABD52D17-F1E8-4D12-8421-09F05EF08D51}.Debug|Any CPU.ActiveCfg = Debug|Any CPU
		{ABD52D17-F1E8-4D12-8421-09F05EF08D51}.Debug|Any CPU.Build.0 = Debug|Any CPU
		{ABD52D17-F1E8-4D12-8421-09F05EF08D51}.Release|Any CPU.ActiveCfg = Release|Any CPU
		{ABD52D17-F1E8-4D12-8421-09F05EF08D51}.Release|Any CPU.Build.0 = Release|Any CPU
	EndGlobalSection
	GlobalSection(SolutionProperties) = preSolution
		HideSolutionNode = FALSE
	EndGlobalSection
	GlobalSection(ExtensibilityGlobals) = postSolution
		SolutionGuid = {3477E3E4-109E-43D2-8DAC-820FFC74BBD3}
	EndGlobalSection
EndGlobal
